
Microsoft Visual Studio Solution File, Format Version 11.00
# Visual Studio 2010
Project("{8BC9CEB8-8B4A-11D0-8D11-00A0C91BC942}") = "axismod", "axismod\axismod.vcxproj", "{D71999D6-1445-4A52-8857-7048BB30D36F}"
EndProject
Project("{54435603-DBB4-11D2-8724-00A0C9A8B90C}") = "installer", "installer\installer.vdproj", "{82EFED13-0AA2-4401-8CF1-5025DC031B7E}"
EndProject
Global
	GlobalSection(SolutionConfigurationPlatforms) = preSolution
		Debug|Win32 = Debug|Win32
		Release|Win32 = Release|Win32
	EndGlobalSection
	GlobalSection(ProjectConfigurationPlatforms) = postSolution
		{D71999D6-1445-4A52-8857-7048BB30D36F}.Debug|Win32.ActiveCfg = Debug|Win32
		{D71999D6-1445-4A52-8857-7048BB30D36F}.Debug|Win32.Build.0 = Debug|Win32
		{D71999D6-1445-4A52-8857-7048BB30D36F}.Release|Win32.ActiveCfg = Release|Win32
		{D71999D6-1445-4A52-8857-7048BB30D36F}.Release|Win32.Build.0 = Release|Win32
		{82EFED13-0AA2-4401-8CF1-5025DC031B7E}.Debug|Win32.ActiveCfg = Debug
		{82EFED13-0AA2-4401-8CF1-5025DC031B7E}.Release|Win32.ActiveCfg = Release
	EndGlobalSection
	GlobalSection(SolutionProperties) = preSolution
		HideSolutionNode = FALSE
	EndGlobalSection
EndGlobal
